
Microsoft Visual Studio Solution File, Format Version 12.00
# Visual Studio 2013
VisualStudioVersion = 12.0.40629.0
MinimumVisualStudioVersion = 10.0.40219.1
Project("{FAE04EC0-301F-11D3-BF4B-00C04F79EFBC}") = "DataModel", "DataModel\DataModel.csproj", "{46730AB8-5E2B-4D5D-A448-52665BFD6E8F}"
EndProject
Project("{FAE04EC0-301F-11D3-BF4B-00C04F79EFBC}") = "Model", "Model\Model.csproj", "{F9BEF139-22FE-4B36-AFC2-4640CCDD55C2}"
EndProject
Project("{FAE04EC0-301F-11D3-BF4B-00C04F79EFBC}") = "WebSite", "WebSite\WebSite.csproj", "{BCC6E181-CAAD-4CE5-A577-4BFC91DC0C15}"
EndProject
Global
	GlobalSection(SolutionConfigurationPlatforms) = preSolution
		Debug|Any CPU = Debug|Any CPU
		Release|Any CPU = Release|Any CPU
	EndGlobalSection
	GlobalSection(ProjectConfigurationPlatforms) = postSolution
		{46730AB8-5E2B-4D5D-A448-52665BFD6E8F}.Debug|Any CPU.ActiveCfg = Debug|Any CPU
		{46730AB8-5E2B-4D5D-A448-52665BFD6E8F}.Debug|Any CPU.Build.0 = Debug|Any CPU
		{46730AB8-5E2B-4D5D-A448-52665BFD6E8F}.Release|Any CPU.ActiveCfg = Release|Any CPU
		{46730AB8-5E2B-4D5D-A448-52665BFD6E8F}.Release|Any CPU.Build.0 = Release|Any CPU
		{F9BEF139-22FE-4B36-AFC2-4640CCDD55C2}.Debug|Any CPU.ActiveCfg = Debug|Any CPU
		{F9BEF139-22FE-4B36-AFC2-4640CCDD55C2}.Debug|Any CPU.Build.0 = Debug|Any CPU
		{F9BEF139-22FE-4B36-AFC2-4640CCDD55C2}.Release|Any CPU.ActiveCfg = Release|Any CPU
		{F9BEF139-22FE-4B36-AFC2-4640CCDD55C2}.Release|Any CPU.Build.0 = Release|Any CPU
		{BCC6E181-CAAD-4CE5-A577-4BFC91DC0C15}.Debug|Any CPU.ActiveCfg = Debug|Any CPU
		{BCC6E181-CAAD-4CE5-A577-4BFC91DC0C15}.Debug|Any CPU.Build.0 = Debug|Any CPU
		{BCC6E181-CAAD-4CE5-A577-4BFC91DC0C15}.Release|Any CPU.ActiveCfg = Release|Any CPU
		{BCC6E181-CAAD-4CE5-A577-4BFC91DC0C15}.Release|Any CPU.Build.0 = Release|Any CPU
	EndGlobalSection
	GlobalSection(SolutionProperties) = preSolution
		HideSolutionNode = FALSE
	EndGlobalSection
EndGlobal
