
Microsoft Visual Studio Solution File, Format Version 12.00
# Visual Studio 15
VisualStudioVersion = 15.0.26430.12
MinimumVisualStudioVersion = 10.0.40219.1
Project("{FAE04EC0-301F-11D3-BF4B-00C04F79EFBC}") = "OnlineTicketDL", "DataModel\OnlineTicketDL.csproj", "{FBED5599-9B38-415F-A2FE-DAC2BBA1109A}"
EndProject
Project("{FAE04EC0-301F-11D3-BF4B-00C04F79EFBC}") = "OnlineTicketBL", "Model\OnlineTicketBL.csproj", "{D13FA694-B48C-41C2-B61B-D4A954AC3715}"
EndProject
Project("{FAE04EC0-301F-11D3-BF4B-00C04F79EFBC}") = "OnlineTicketBooking", "WebSite\OnlineTicketBooking.csproj", "{BCC6E181-CAAD-4CE5-A577-4BFC91DC0C15}"
EndProject
Project("{FAE04EC0-301F-11D3-BF4B-00C04F79EFBC}") = "OnlineTicket", "OnlineTicket\OnlineTicket.csproj", "{6D9E21E5-C368-4274-BDEB-00AEE333252D}"
EndProject
Global
	GlobalSection(SolutionConfigurationPlatforms) = preSolution
		Debug|Any CPU = Debug|Any CPU
		Release|Any CPU = Release|Any CPU
	EndGlobalSection
	GlobalSection(ProjectConfigurationPlatforms) = postSolution
		{FBED5599-9B38-415F-A2FE-DAC2BBA1109A}.Debug|Any CPU.ActiveCfg = Debug|Any CPU
		{FBED5599-9B38-415F-A2FE-DAC2BBA1109A}.Debug|Any CPU.Build.0 = Debug|Any CPU
		{FBED5599-9B38-415F-A2FE-DAC2BBA1109A}.Release|Any CPU.ActiveCfg = Release|Any CPU
		{FBED5599-9B38-415F-A2FE-DAC2BBA1109A}.Release|Any CPU.Build.0 = Release|Any CPU
		{D13FA694-B48C-41C2-B61B-D4A954AC3715}.Debug|Any CPU.ActiveCfg = Debug|Any CPU
		{D13FA694-B48C-41C2-B61B-D4A954AC3715}.Debug|Any CPU.Build.0 = Debug|Any CPU
		{D13FA694-B48C-41C2-B61B-D4A954AC3715}.Release|Any CPU.ActiveCfg = Release|Any CPU
		{D13FA694-B48C-41C2-B61B-D4A954AC3715}.Release|Any CPU.Build.0 = Release|Any CPU
		{BCC6E181-CAAD-4CE5-A577-4BFC91DC0C15}.Debug|Any CPU.ActiveCfg = Debug|Any CPU
		{BCC6E181-CAAD-4CE5-A577-4BFC91DC0C15}.Debug|Any CPU.Build.0 = Debug|Any CPU
		{BCC6E181-CAAD-4CE5-A577-4BFC91DC0C15}.Release|Any CPU.ActiveCfg = Release|Any CPU
		{BCC6E181-CAAD-4CE5-A577-4BFC91DC0C15}.Release|Any CPU.Build.0 = Release|Any CPU
		{6D9E21E5-C368-4274-BDEB-00AEE333252D}.Debug|Any CPU.ActiveCfg = Debug|Any CPU
		{6D9E21E5-C368-4274-BDEB-00AEE333252D}.Debug|Any CPU.Build.0 = Debug|Any CPU
		{6D9E21E5-C368-4274-BDEB-00AEE333252D}.Release|Any CPU.ActiveCfg = Release|Any CPU
		{6D9E21E5-C368-4274-BDEB-00AEE333252D}.Release|Any CPU.Build.0 = Release|Any CPU
	EndGlobalSection
	GlobalSection(SolutionProperties) = preSolution
		HideSolutionNode = FALSE
	EndGlobalSection
EndGlobal
